
Microsoft Visual Studio Solution File, Format Version 12.00
# Visual Studio 15
VisualStudioVersion = 15.0.28307.329
MinimumVisualStudioVersion = 10.0.40219.1
Project("{FAE04EC0-301F-11D3-BF4B-00C04F79EFBC}") = "WindowsFormsApp1", "WindowsFormsApp1\WindowsFormsApp1.csproj", "{14AFC64E-A88B-413B-AE03-8E6AE621D381}"
EndProject
Global
	GlobalSection(SolutionConfigurationPlatforms) = preSolution
		Debug|Any CPU = Debug|Any CPU
		Release|Any CPU = Release|Any CPU
	EndGlobalSection
	GlobalSection(ProjectConfigurationPlatforms) = postSolution
		{14AFC64E-A88B-413B-AE03-8E6AE621D381}.Debug|Any CPU.ActiveCfg = Debug|Any CPU
		{14AFC64E-A88B-413B-AE03-8E6AE621D381}.Debug|Any CPU.Build.0 = Debug|Any CPU
		{14AFC64E-A88B-413B-AE03-8E6AE621D381}.Release|Any CPU.ActiveCfg = Release|Any CPU
		{14AFC64E-A88B-413B-AE03-8E6AE621D381}.Release|Any CPU.Build.0 = Release|Any CPU
	EndGlobalSection
	GlobalSection(SolutionProperties) = preSolution
		HideSolutionNode = FALSE
	EndGlobalSection
	GlobalSection(ExtensibilityGlobals) = postSolution
		SolutionGuid = {0649FA7A-F9C7-48C7-979E-3B388E2D96B7}
	EndGlobalSection
EndGlobal
